
Microsoft Visual Studio Solution File, Format Version 12.00
# Visual Studio 15
VisualStudioVersion = 15.0.27703.2000
MinimumVisualStudioVersion = 10.0.40219.1
Project("{2150E333-8FDC-42A3-9474-1A3956D46DE8}") = "App", "App", "{C47E7989-9EDE-45DC-A694-5D7B3DA125CC}"
EndProject
Project("{2150E333-8FDC-42A3-9474-1A3956D46DE8}") = "Test", "Test", "{6C3409E7-DA9F-4CC6-BE46-FA4ED18E4FB5}"
EndProject
Project("{2150E333-8FDC-42A3-9474-1A3956D46DE8}") = "1. Apresentação", "1. Apresentação", "{ED187AF0-B9B2-477B-B3DF-4E83905178A7}"
EndProject
Project("{2150E333-8FDC-42A3-9474-1A3956D46DE8}") = "2. Serviço", "2. Serviço", "{69829CBB-E007-48C9-BA4C-A929366C4988}"
EndProject
Project("{2150E333-8FDC-42A3-9474-1A3956D46DE8}") = "3. Aplicação", "3. Aplicação", "{1B130E4E-AEF7-42F6-B30C-EDE9C1BB476E}"
EndProject
Project("{2150E333-8FDC-42A3-9474-1A3956D46DE8}") = "4. Domínio", "4. Domínio", "{3070997A-FAB2-4607-BC49-5B364EC5A4EE}"
EndProject
Project("{2150E333-8FDC-42A3-9474-1A3956D46DE8}") = "5. Infraestrutura", "5. Infraestrutura", "{2D2F0E22-B5EE-4233-9A41-ED55F3EFD4C4}"
EndProject
Project("{2150E333-8FDC-42A3-9474-1A3956D46DE8}") = "5.1. Dados", "5.1. Dados", "{E0572317-F1C3-4393-8B19-F42318CC9AE0}"
EndProject
Project("{2150E333-8FDC-42A3-9474-1A3956D46DE8}") = "5.2. Crosscutting", "5.2. Crosscutting", "{183B853A-3E33-4A2C-BE42-3559E81C4156}"
EndProject
Project("{2150E333-8FDC-42A3-9474-1A3956D46DE8}") = "1. Apresentação", "1. Apresentação", "{9B82BAAC-5259-43F0-9064-05A963647509}"
EndProject
Project("{2150E333-8FDC-42A3-9474-1A3956D46DE8}") = "2. Serviço", "2. Serviço", "{0B3CB49A-5308-4251-94BA-A7E1E0E461B7}"
EndProject
Project("{2150E333-8FDC-42A3-9474-1A3956D46DE8}") = "3. Aplicação", "3. Aplicação", "{B6B6BB1D-FCD6-4D61-9C1A-24615ED39C60}"
EndProject
Project("{2150E333-8FDC-42A3-9474-1A3956D46DE8}") = "4. Domínio", "4. Domínio", "{CAAE4BB4-2E0D-477E-9163-C0F807F333CE}"
EndProject
Project("{2150E333-8FDC-42A3-9474-1A3956D46DE8}") = "5. Infraestrutura", "5. Infraestrutura", "{78DBB612-30FD-46BE-B4FA-089F0A8544A9}"
EndProject
Project("{2150E333-8FDC-42A3-9474-1A3956D46DE8}") = "5.1. Dados", "5.1. Dados", "{8997625E-7777-4581-805D-85C0FC4AF50C}"
EndProject
Project("{2150E333-8FDC-42A3-9474-1A3956D46DE8}") = "5.2. Crosscutting", "5.2. Crosscutting", "{D1FD95D5-AD19-4BB9-B47C-B0931FE0810B}"
EndProject
Project("{FAE04EC0-301F-11D3-BF4B-00C04F79EFBC}") = "WeatherAPI.Dominio", "App\WeatherAPI.Dominio\WeatherAPI.Dominio.csproj", "{77959BA6-3BD5-4214-87A0-1C7A4547D377}"
EndProject
Project("{FAE04EC0-301F-11D3-BF4B-00C04F79EFBC}") = "WeatherAPI.Infraestrutura.Dados", "App\WeatherAPI.Infraestrutura.Dados\WeatherAPI.Infraestrutura.Dados.csproj", "{27A00BF2-1135-4891-A7DC-66F1B1FB2A8C}"
EndProject
Global
	GlobalSection(SolutionConfigurationPlatforms) = preSolution
		Debug|Any CPU = Debug|Any CPU
		Release|Any CPU = Release|Any CPU
	EndGlobalSection
	GlobalSection(ProjectConfigurationPlatforms) = postSolution
		{77959BA6-3BD5-4214-87A0-1C7A4547D377}.Debug|Any CPU.ActiveCfg = Debug|Any CPU
		{77959BA6-3BD5-4214-87A0-1C7A4547D377}.Debug|Any CPU.Build.0 = Debug|Any CPU
		{77959BA6-3BD5-4214-87A0-1C7A4547D377}.Release|Any CPU.ActiveCfg = Release|Any CPU
		{77959BA6-3BD5-4214-87A0-1C7A4547D377}.Release|Any CPU.Build.0 = Release|Any CPU
		{27A00BF2-1135-4891-A7DC-66F1B1FB2A8C}.Debug|Any CPU.ActiveCfg = Debug|Any CPU
		{27A00BF2-1135-4891-A7DC-66F1B1FB2A8C}.Debug|Any CPU.Build.0 = Debug|Any CPU
		{27A00BF2-1135-4891-A7DC-66F1B1FB2A8C}.Release|Any CPU.ActiveCfg = Release|Any CPU
		{27A00BF2-1135-4891-A7DC-66F1B1FB2A8C}.Release|Any CPU.Build.0 = Release|Any CPU
	EndGlobalSection
	GlobalSection(SolutionProperties) = preSolution
		HideSolutionNode = FALSE
	EndGlobalSection
	GlobalSection(NestedProjects) = preSolution
		{ED187AF0-B9B2-477B-B3DF-4E83905178A7} = {C47E7989-9EDE-45DC-A694-5D7B3DA125CC}
		{69829CBB-E007-48C9-BA4C-A929366C4988} = {C47E7989-9EDE-45DC-A694-5D7B3DA125CC}
		{1B130E4E-AEF7-42F6-B30C-EDE9C1BB476E} = {C47E7989-9EDE-45DC-A694-5D7B3DA125CC}
		{3070997A-FAB2-4607-BC49-5B364EC5A4EE} = {C47E7989-9EDE-45DC-A694-5D7B3DA125CC}
		{2D2F0E22-B5EE-4233-9A41-ED55F3EFD4C4} = {C47E7989-9EDE-45DC-A694-5D7B3DA125CC}
		{E0572317-F1C3-4393-8B19-F42318CC9AE0} = {2D2F0E22-B5EE-4233-9A41-ED55F3EFD4C4}
		{183B853A-3E33-4A2C-BE42-3559E81C4156} = {2D2F0E22-B5EE-4233-9A41-ED55F3EFD4C4}
		{9B82BAAC-5259-43F0-9064-05A963647509} = {6C3409E7-DA9F-4CC6-BE46-FA4ED18E4FB5}
		{0B3CB49A-5308-4251-94BA-A7E1E0E461B7} = {6C3409E7-DA9F-4CC6-BE46-FA4ED18E4FB5}
		{B6B6BB1D-FCD6-4D61-9C1A-24615ED39C60} = {6C3409E7-DA9F-4CC6-BE46-FA4ED18E4FB5}
		{CAAE4BB4-2E0D-477E-9163-C0F807F333CE} = {6C3409E7-DA9F-4CC6-BE46-FA4ED18E4FB5}
		{78DBB612-30FD-46BE-B4FA-089F0A8544A9} = {6C3409E7-DA9F-4CC6-BE46-FA4ED18E4FB5}
		{8997625E-7777-4581-805D-85C0FC4AF50C} = {78DBB612-30FD-46BE-B4FA-089F0A8544A9}
		{D1FD95D5-AD19-4BB9-B47C-B0931FE0810B} = {78DBB612-30FD-46BE-B4FA-089F0A8544A9}
		{77959BA6-3BD5-4214-87A0-1C7A4547D377} = {3070997A-FAB2-4607-BC49-5B364EC5A4EE}
		{27A00BF2-1135-4891-A7DC-66F1B1FB2A8C} = {E0572317-F1C3-4393-8B19-F42318CC9AE0}
	EndGlobalSection
	GlobalSection(ExtensibilityGlobals) = postSolution
		SolutionGuid = {6F71DFD2-691B-4E1B-82E1-CADB4AFBB1A6}
	EndGlobalSection
EndGlobal
